
Microsoft Visual Studio Solution File, Format Version 12.00
# Visual Studio Version 17
VisualStudioVersion = 17.5.002.0
MinimumVisualStudioVersion = 10.0.40219.1
Project("{9A19103F-16F7-4668-BE54-9A1E7A4F7556}") = "LAB1_remake", "LAB1\LAB1_remake.csproj", "{BCFF5822-0DC5-4C51-ADF3-A66B9DAFC365}"
EndProject
Global
	GlobalSection(SolutionConfigurationPlatforms) = preSolution
		Debug|Any CPU = Debug|Any CPU
		Release|Any CPU = Release|Any CPU
	EndGlobalSection
	GlobalSection(ProjectConfigurationPlatforms) = postSolution
		{BCFF5822-0DC5-4C51-ADF3-A66B9DAFC365}.Debug|Any CPU.ActiveCfg = Debug|Any CPU
		{BCFF5822-0DC5-4C51-ADF3-A66B9DAFC365}.Debug|Any CPU.Build.0 = Debug|Any CPU
		{BCFF5822-0DC5-4C51-ADF3-A66B9DAFC365}.Release|Any CPU.ActiveCfg = Release|Any CPU
		{BCFF5822-0DC5-4C51-ADF3-A66B9DAFC365}.Release|Any CPU.Build.0 = Release|Any CPU
	EndGlobalSection
	GlobalSection(SolutionProperties) = preSolution
		HideSolutionNode = FALSE
	EndGlobalSection
	GlobalSection(ExtensibilityGlobals) = postSolution
		SolutionGuid = {6BFA727B-AFC9-466A-82C9-9B29C7B5AD0C}
	EndGlobalSection
EndGlobal
