
Microsoft Visual Studio Solution File, Format Version 12.00
# Visual Studio Version 17
VisualStudioVersion = 17.5.002.0
MinimumVisualStudioVersion = 10.0.40219.1
Project("{9A19103F-16F7-4668-BE54-9A1E7A4F7556}") = "LAB1 practice", "LAB1 practice.csproj", "{A7CF21C3-9FCB-4CA0-8659-650A25929418}"
EndProject
Global
	GlobalSection(SolutionConfigurationPlatforms) = preSolution
		Debug|Any CPU = Debug|Any CPU
		Release|Any CPU = Release|Any CPU
	EndGlobalSection
	GlobalSection(ProjectConfigurationPlatforms) = postSolution
		{A7CF21C3-9FCB-4CA0-8659-650A25929418}.Debug|Any CPU.ActiveCfg = Debug|Any CPU
		{A7CF21C3-9FCB-4CA0-8659-650A25929418}.Debug|Any CPU.Build.0 = Debug|Any CPU
		{A7CF21C3-9FCB-4CA0-8659-650A25929418}.Release|Any CPU.ActiveCfg = Release|Any CPU
		{A7CF21C3-9FCB-4CA0-8659-650A25929418}.Release|Any CPU.Build.0 = Release|Any CPU
	EndGlobalSection
	GlobalSection(SolutionProperties) = preSolution
		HideSolutionNode = FALSE
	EndGlobalSection
	GlobalSection(ExtensibilityGlobals) = postSolution
		SolutionGuid = {9AB4CD89-3624-4FB3-9A86-FA5437C6DC18}
	EndGlobalSection
EndGlobal
