
Microsoft Visual Studio Solution File, Format Version 12.00
# Visual Studio Version 17
VisualStudioVersion = 17.5.002.0
MinimumVisualStudioVersion = 10.0.40219.1
Project("{9A19103F-16F7-4668-BE54-9A1E7A4F7556}") = "LAB2", "LAB2.csproj", "{A828A58E-0054-48B6-814C-30F971569958}"
EndProject
Global
	GlobalSection(SolutionConfigurationPlatforms) = preSolution
		Debug|Any CPU = Debug|Any CPU
		Release|Any CPU = Release|Any CPU
	EndGlobalSection
	GlobalSection(ProjectConfigurationPlatforms) = postSolution
		{A828A58E-0054-48B6-814C-30F971569958}.Debug|Any CPU.ActiveCfg = Debug|Any CPU
		{A828A58E-0054-48B6-814C-30F971569958}.Debug|Any CPU.Build.0 = Debug|Any CPU
		{A828A58E-0054-48B6-814C-30F971569958}.Release|Any CPU.ActiveCfg = Release|Any CPU
		{A828A58E-0054-48B6-814C-30F971569958}.Release|Any CPU.Build.0 = Release|Any CPU
	EndGlobalSection
	GlobalSection(SolutionProperties) = preSolution
		HideSolutionNode = FALSE
	EndGlobalSection
	GlobalSection(ExtensibilityGlobals) = postSolution
		SolutionGuid = {3D7D8B61-D0A1-4E26-9906-0EE7223BDA8A}
	EndGlobalSection
EndGlobal
